
Microsoft Visual Studio Solution File, Format Version 12.00
# Visual Studio 15
VisualStudioVersion = 15.0.28307.1022
MinimumVisualStudioVersion = 10.0.40219.1
Project("{FAE04EC0-301F-11D3-BF4B-00C04F79EFBC}") = "OSessionRoleRouter", "OLiOSoft.OWINKatana.OSessionRoleRouter\OSessionRoleRouter.csproj", "{C154D7C2-7F4C-485C-84B3-8C7A6622A14F}"
EndProject
Project("{FAE04EC0-301F-11D3-BF4B-00C04F79EFBC}") = "OSessionRoleRouter.ConsoleTests", "OLiOSoft.OWINKatana.OSessionRoleRouter.ConsoleTests\OSessionRoleRouter.ConsoleTests.csproj", "{D6E4F1D9-15A3-4A6C-9BD0-F3BDEEE6109B}"
EndProject
Project("{FAE04EC0-301F-11D3-BF4B-00C04F79EFBC}") = "OSessionRoleRouter.Interfaces", "OLiOSoft.OWINKatana.OSessionRoleRouter.Interfaces\OSessionRoleRouter.Interfaces.csproj", "{DF1FB1AC-203C-47F9-BC54-0FBCBF84E067}"
EndProject
Project("{FAE04EC0-301F-11D3-BF4B-00C04F79EFBC}") = "OSessionRoleRouter.AnyOfMiscs", "OLiOSoft.OWINKatana.OSessionRoleRouter.AnyOfMiscs\OSessionRoleRouter.AnyOfMiscs.csproj", "{962CD873-0801-4C45-A232-01C62139D6B4}"
EndProject
Global
	GlobalSection(SolutionConfigurationPlatforms) = preSolution
		Debug|Any CPU = Debug|Any CPU
		Release|Any CPU = Release|Any CPU
	EndGlobalSection
	GlobalSection(ProjectConfigurationPlatforms) = postSolution
		{C154D7C2-7F4C-485C-84B3-8C7A6622A14F}.Debug|Any CPU.ActiveCfg = Debug|Any CPU
		{C154D7C2-7F4C-485C-84B3-8C7A6622A14F}.Debug|Any CPU.Build.0 = Debug|Any CPU
		{C154D7C2-7F4C-485C-84B3-8C7A6622A14F}.Release|Any CPU.ActiveCfg = Release|Any CPU
		{C154D7C2-7F4C-485C-84B3-8C7A6622A14F}.Release|Any CPU.Build.0 = Release|Any CPU
		{D6E4F1D9-15A3-4A6C-9BD0-F3BDEEE6109B}.Debug|Any CPU.ActiveCfg = Debug|Any CPU
		{D6E4F1D9-15A3-4A6C-9BD0-F3BDEEE6109B}.Debug|Any CPU.Build.0 = Debug|Any CPU
		{D6E4F1D9-15A3-4A6C-9BD0-F3BDEEE6109B}.Release|Any CPU.ActiveCfg = Release|Any CPU
		{D6E4F1D9-15A3-4A6C-9BD0-F3BDEEE6109B}.Release|Any CPU.Build.0 = Release|Any CPU
		{DF1FB1AC-203C-47F9-BC54-0FBCBF84E067}.Debug|Any CPU.ActiveCfg = Debug|Any CPU
		{DF1FB1AC-203C-47F9-BC54-0FBCBF84E067}.Debug|Any CPU.Build.0 = Debug|Any CPU
		{DF1FB1AC-203C-47F9-BC54-0FBCBF84E067}.Release|Any CPU.ActiveCfg = Release|Any CPU
		{DF1FB1AC-203C-47F9-BC54-0FBCBF84E067}.Release|Any CPU.Build.0 = Release|Any CPU
		{962CD873-0801-4C45-A232-01C62139D6B4}.Debug|Any CPU.ActiveCfg = Debug|Any CPU
		{962CD873-0801-4C45-A232-01C62139D6B4}.Debug|Any CPU.Build.0 = Debug|Any CPU
		{962CD873-0801-4C45-A232-01C62139D6B4}.Release|Any CPU.ActiveCfg = Release|Any CPU
		{962CD873-0801-4C45-A232-01C62139D6B4}.Release|Any CPU.Build.0 = Release|Any CPU
	EndGlobalSection
	GlobalSection(SolutionProperties) = preSolution
		HideSolutionNode = FALSE
	EndGlobalSection
	GlobalSection(ExtensibilityGlobals) = postSolution
		SolutionGuid = {5AD19FA7-94F7-4487-B07D-097FFD33BAEA}
	EndGlobalSection
EndGlobal
